{
  "name": "calendar",
  "version": "1.0.0",
  "lockfileVersion": 1,
  "requires": true,
  "dependencies": {
    "balanced-match": {
      "version": "1.0.0",
      "resolved": "https://registry.npmjs.org/balanced-match/-/balanced-match-1.0.0.tgz",
      "integrity": "sha1-ibTRmasr7kneFk6gK4nORi1xt2c=",
      "dev": true
    },
    "brace-expansion": {
      "version": "1.1.11",
      "resolved": "https://registry.npmjs.org/brace-expansion/-/brace-expansion-1.1.11.tgz",
      "integrity": "sha512-iCuPHDFgrHX7H2vEI/5xpz07zSHB00TpugqhmYtVmMO6518mCuRMoOYFldEBl0g187ufozdaHgWKcYFb61qGiA==",
      "dev": true,
      "requires": {
        "balanced-match": "^1.0.0",
        "concat-map": "0.0.1"
      }
    },
    "concat-map": {
      "version": "0.0.1",
      "resolved": "https://registry.npmjs.org/concat-map/-/concat-map-0.0.1.tgz",
      "integrity": "sha1-2Klr13/Wjfd5OnMDajug1UBdR3s=",
      "dev": true
    },
    "minimatch": {
      "version": "3.0.4",
      "resolved": "https://registry.npmjs.org/minimatch/-/minimatch-3.0.4.tgz",
      "integrity": "sha512-yJHVQEhyqPLUTgt9B83PXu6W3rx4MvvHvSUvToogpwoGDOUQ+yDrR0HRot+yOCdCO7u4hX3pWft6kWBBcqh0UA==",
      "dev": true,
      "requires": {
        "brace-expansion": "^1.1.7"
      }
    },
    "rollup": {
      "version": "1.12.3",
      "resolved": "https://registry.npm.taobao.org/rollup/download/rollup-1.12.3.tgz",
      "dev": true,
      "dependencies": {
        "@types/estree": {
          "version": "https://registry.npm.taobao.org/@types/estree/download/@types/estree-0.0.39.tgz"
        },
        "@types/node": {
          "version": "https://registry.npm.taobao.org/@types/node/download/@types/node-12.0.2.tgz"
        },
        "acorn": {
          "version": "https://registry.npm.taobao.org/acorn/download/acorn-6.1.1.tgz"
        }
      }
    },
    "rollup-plugin-babel": {
      "version": "3.0.7",
      "resolved": "https://registry.npmjs.org/rollup-plugin-babel/-/rollup-plugin-babel-3.0.7.tgz",
      "integrity": "sha512-bVe2y0z/V5Ax1qU8NX/0idmzIwJPdUGu8Xx3vXH73h0yGjxfv2gkFI82MBVg49SlsFlLTBadBHb67zy4TWM3hA==",
      "dev": true,
      "requires": {
        "rollup-pluginutils": "^1.5.0"
      },
      "dependencies": {
        "estree-walker": {
          "version": "0.2.1",
          "resolved": "https://registry.npmjs.org/estree-walker/-/estree-walker-0.2.1.tgz",
          "integrity": "sha1-va/oCVOD2EFNXcLs9MkXO225QS4=",
          "dev": true
        },
        "rollup-pluginutils": {
          "version": "1.5.2",
          "resolved": "https://registry.npmjs.org/rollup-pluginutils/-/rollup-pluginutils-1.5.2.tgz",
          "integrity": "sha1-HhVud4+UtyVb+hs9AXi+j1xVJAg=",
          "dev": true,
          "requires": {
            "estree-walker": "^0.2.1",
            "minimatch": "^3.0.2"
          }
        }
      }
    },
    "rollup-plugin-buble": {
      "version": "0.19.6",
      "resolved": "https://registry.npm.taobao.org/rollup-plugin-buble/download/rollup-plugin-buble-0.19.6.tgz",
      "dev": true
    },
    "rollup-plugin-commonjs": {
      "version": "10.0.0",
      "resolved": "https://registry.npm.taobao.org/rollup-plugin-commonjs/download/rollup-plugin-commonjs-10.0.0.tgz",
      "dev": true,
      "dependencies": {
        "estree-walker": {
          "version": "https://registry.npm.taobao.org/estree-walker/download/estree-walker-0.6.0.tgz"
        },
        "is-reference": {
          "version": "https://registry.npm.taobao.org/is-reference/download/is-reference-1.1.2.tgz"
        },
        "magic-string": {
          "version": "https://registry.npm.taobao.org/magic-string/download/magic-string-0.25.2.tgz"
        },
        "resolve": {
          "version": "https://registry.npm.taobao.org/resolve/download/resolve-1.11.0.tgz"
        },
        "rollup-pluginutils": {
          "version": "https://registry.npm.taobao.org/rollup-pluginutils/download/rollup-pluginutils-2.7.1.tgz",
          "dependencies": {
            "estree-walker": {
              "version": "https://registry.npm.taobao.org/estree-walker/download/estree-walker-0.6.0.tgz"
            },
            "micromatch": {
              "version": "https://registry.npm.taobao.org/micromatch/download/micromatch-3.1.10.tgz"
            }
          }
        }
      }
    },
    "rollup-plugin-json": {
      "version": "4.0.0",
      "resolved": "https://registry.npm.taobao.org/rollup-plugin-json/download/rollup-plugin-json-4.0.0.tgz",
      "dev": true
    },
    "rollup-plugin-license": {
      "version": "0.8.1",
      "resolved": "https://registry.npm.taobao.org/rollup-plugin-license/download/rollup-plugin-license-0.8.1.tgz",
      "dev": true,
      "dependencies": {
        "commenting": {
          "version": "https://registry.npm.taobao.org/commenting/download/commenting-1.0.5.tgz"
        },
        "lodash": {
          "version": "https://registry.npm.taobao.org/lodash/download/lodash-4.17.11.tgz?cache=0&other_urls=https%3A%2F%2Fregistry.npm.taobao.org%2Flodash%2Fdownload%2Flodash-4.17.11.tgz"
        },
        "magic-string": {
          "version": "https://registry.npm.taobao.org/magic-string/download/magic-string-0.25.1.tgz",
          "dependencies": {
            "sourcemap-codec": {
              "version": "https://registry.npm.taobao.org/sourcemap-codec/download/sourcemap-codec-1.4.4.tgz"
            }
          }
        },
        "mkdirp": {
          "version": "https://registry.npm.taobao.org/mkdirp/download/mkdirp-0.5.1.tgz"
        },
        "moment": {
          "version": "https://registry.npm.taobao.org/moment/download/moment-2.23.0.tgz"
        }
      }
    },
    "rollup-plugin-node-resolve": {
      "version": "5.0.0",
      "resolved": "https://registry.npm.taobao.org/rollup-plugin-node-resolve/download/rollup-plugin-node-resolve-5.0.0.tgz",
      "dev": true,
      "dependencies": {
        "@types/resolve": {
          "version": "https://registry.npm.taobao.org/@types/resolve/download/@types/resolve-0.0.8.tgz"
        },
        "builtin-modules": {
          "version": "https://registry.npm.taobao.org/builtin-modules/download/builtin-modules-3.1.0.tgz"
        },
        "is-module": {
          "version": "https://registry.npm.taobao.org/is-module/download/is-module-1.0.0.tgz"
        },
        "resolve": {
          "version": "https://registry.npm.taobao.org/resolve/download/resolve-1.11.0.tgz",
          "dependencies": {
            "path-parse": {
              "version": "https://registry.npm.taobao.org/path-parse/download/path-parse-1.0.6.tgz"
            }
          }
        },
        "rollup-pluginutils": {
          "version": "https://registry.npm.taobao.org/rollup-pluginutils/download/rollup-pluginutils-2.7.1.tgz",
          "dependencies": {
            "estree-walker": {
              "version": "https://registry.npm.taobao.org/estree-walker/download/estree-walker-0.6.0.tgz"
            },
            "micromatch": {
              "version": "https://registry.npm.taobao.org/micromatch/download/micromatch-3.1.10.tgz"
            }
          }
        }
      }
    },
    "rollup-plugin-progress": {
      "version": "1.1.1",
      "resolved": "https://registry.npm.taobao.org/rollup-plugin-progress/download/rollup-plugin-progress-1.1.1.tgz",
      "dev": true
    },
    "rollup-plugin-replace": {
      "version": "2.2.0",
      "resolved": "https://registry.npm.taobao.org/rollup-plugin-replace/download/rollup-plugin-replace-2.2.0.tgz",
      "dev": true,
      "dependencies": {
        "magic-string": {
          "version": "https://registry.npm.taobao.org/magic-string/download/magic-string-0.25.2.tgz",
          "bundled": true,
          "dependencies": {
            "sourcemap-codec": {
              "version": "https://registry.npm.taobao.org/sourcemap-codec/download/sourcemap-codec-1.4.4.tgz"
            }
          }
        },
        "rollup-pluginutils": {
          "version": "https://registry.npm.taobao.org/rollup-pluginutils/download/rollup-pluginutils-2.7.1.tgz",
          "bundled": true,
          "dependencies": {
            "estree-walker": {
              "version": "https://registry.npm.taobao.org/estree-walker/download/estree-walker-0.6.0.tgz"
            },
            "micromatch": {
              "version": "https://registry.npm.taobao.org/micromatch/download/micromatch-3.1.10.tgz"
            }
          }
        }
      }
    }
  }
}
